// !$*UTF8*$!
{
	archiveVersion = 1;
	classes = {
	};
	objectVersion = 56;
	objects = {

/* Begin PBXBuildFile section */
		F497D1D72A00183D00379831 /* Daily_QuotesApp.swift in Sources */ = {isa = PBXBuildFile; fileRef = F497D1D62A00183D00379831 /* Daily_QuotesApp.swift */; };
		F497D1D92A00183D00379831 /* ContentView.swift in Sources */ = {isa = PBXBuildFile; fileRef = F497D1D82A00183D00379831 /* ContentView.swift */; };
		F497D1DB2A00183E00379831 /* Assets.xcassets in Resources */ = {isa = PBXBuildFile; fileRef = F497D1DA2A00183E00379831 /* Assets.xcassets */; };
		F497D1DE2A00183E00379831 /* Preview Assets.xcassets in Resources */ = {isa = PBXBuildFile; fileRef = F497D1DD2A00183E00379831 /* Preview Assets.xcassets */; };
		F497D1EB2A00188E00379831 /* WidgetKit.framework in Frameworks */ = {isa = PBXBuildFile; fileRef = F497D1EA2A00188E00379831 /* WidgetKit.framework */; };
		F497D1ED2A00188E00379831 /* SwiftUI.framework in Frameworks */ = {isa = PBXBuildFile; fileRef = F497D1EC2A00188E00379831 /* SwiftUI.framework */; };
		F497D1F02A00188E00379831 /* DailyQuoteBundle.swift in Sources */ = {isa = PBXBuildFile; fileRef = F497D1EF2A00188E00379831 /* DailyQuoteBundle.swift */; };
		F497D1F22A00188E00379831 /* DailyQuoteLiveActivity.swift in Sources */ = {isa = PBXBuildFile; fileRef = F497D1F12A00188E00379831 /* DailyQuoteLiveActivity.swift */; };
		F497D1F42A00188E00379831 /* DailyQuote.swift in Sources */ = {isa = PBXBuildFile; fileRef = F497D1F32A00188E00379831 /* DailyQuote.swift */; };
		F497D1F62A00189000379831 /* Assets.xcassets in Resources */ = {isa = PBXBuildFile; fileRef = F497D1F52A00189000379831 /* Assets.xcassets */; };
		F497D1FA2A00189000379831 /* DailyQuoteExtension.appex in Embed Foundation Extensions */ = {isa = PBXBuildFile; fileRef = F497D1E82A00188E00379831 /* DailyQuoteExtension.appex */; settings = {ATTRIBUTES = (RemoveHeadersOnCopy, ); }; };
		F497D2002A001F4600379831 /* Quote.swift in Sources */ = {isa = PBXBuildFile; fileRef = F497D1FF2A001F4600379831 /* Quote.swift */; };
/* End PBXBuildFile section */

/* Begin PBXContainerItemProxy section */
		F497D1F82A00189000379831 /* PBXContainerItemProxy */ = {
			isa = PBXContainerItemProxy;
			containerPortal = F497D1CB2A00183D00379831 /* Project object */;
			proxyType = 1;
			remoteGlobalIDString = F497D1E72A00188E00379831;
			remoteInfo = DailyQuoteExtension;
		};
/* End PBXContainerItemProxy section */

/* Begin PBXCopyFilesBuildPhase section */
		F497D1FE2A00189000379831 /* Embed Foundation Extensions */ = {
			isa = PBXCopyFilesBuildPhase;
			buildActionMask = 2147483647;
			dstPath = "";
			dstSubfolderSpec = 13;
			files = (
				F497D1FA2A00189000379831 /* DailyQuoteExtension.appex in Embed Foundation Extensions */,
			);
			name = "Embed Foundation Extensions";
			runOnlyForDeploymentPostprocessing = 0;
		};
/* End PBXCopyFilesBuildPhase section */

/* Begin PBXFileReference section */
		F497D1D32A00183D00379831 /* Daily Quotes.app */ = {isa = PBXFileReference; explicitFileType = wrapper.application; includeInIndex = 0; path = "Daily Quotes.app"; sourceTree = BUILT_PRODUCTS_DIR; };
		F497D1D62A00183D00379831 /* Daily_QuotesApp.swift */ = {isa = PBXFileReference; lastKnownFileType = sourcecode.swift; path = Daily_QuotesApp.swift; sourceTree = "<group>"; };
		F497D1D82A00183D00379831 /* ContentView.swift */ = {isa = PBXFileReference; lastKnownFileType = sourcecode.swift; path = ContentView.swift; sourceTree = "<group>"; };
		F497D1DA2A00183E00379831 /* Assets.xcassets */ = {isa = PBXFileReference; lastKnownFileType = folder.assetcatalog; path = Assets.xcassets; sourceTree = "<group>"; };
		F497D1DD2A00183E00379831 /* Preview Assets.xcassets */ = {isa = PBXFileReference; lastKnownFileType = folder.assetcatalog; path = "Preview Assets.xcassets"; sourceTree = "<group>"; };
		F497D1E82A00188E00379831 /* DailyQuoteExtension.appex */ = {isa = PBXFileReference; explicitFileType = "wrapper.app-extension"; includeInIndex = 0; path = DailyQuoteExtension.appex; sourceTree = BUILT_PRODUCTS_DIR; };
		F497D1EA2A00188E00379831 /* WidgetKit.framework */ = {isa = PBXFileReference; lastKnownFileType = wrapper.framework; name = WidgetKit.framework; path = System/Library/Frameworks/WidgetKit.framework; sourceTree = SDKROOT; };
		F497D1EC2A00188E00379831 /* SwiftUI.framework */ = {isa = PBXFileReference; lastKnownFileType = wrapper.framework; name = SwiftUI.framework; path = System/Library/Frameworks/SwiftUI.framework; sourceTree = SDKROOT; };
		F497D1EF2A00188E00379831 /* DailyQuoteBundle.swift */ = {isa = PBXFileReference; lastKnownFileType = sourcecode.swift; path = DailyQuoteBundle.swift; sourceTree = "<group>"; };
		F497D1F12A00188E00379831 /* DailyQuoteLiveActivity.swift */ = {isa = PBXFileReference; lastKnownFileType = sourcecode.swift; path = DailyQuoteLiveActivity.swift; sourceTree = "<group>"; };
		F497D1F32A00188E00379831 /* DailyQuote.swift */ = {isa = PBXFileReference; lastKnownFileType = sourcecode.swift; path = DailyQuote.swift; sourceTree = "<group>"; };
		F497D1F52A00189000379831 /* Assets.xcassets */ = {isa = PBXFileReference; lastKnownFileType = folder.assetcatalog; path = Assets.xcassets; sourceTree = "<group>"; };
		F497D1F72A00189000379831 /* Info.plist */ = {isa = PBXFileReference; lastKnownFileType = text.plist.xml; path = Info.plist; sourceTree = "<group>"; };
		F497D1FF2A001F4600379831 /* Quote.swift */ = {isa = PBXFileReference; lastKnownFileType = sourcecode.swift; path = Quote.swift; sourceTree = "<group>"; };
/* End PBXFileReference section */

/* Begin PBXFrameworksBuildPhase section */
		F497D1D02A00183D00379831 /* Frameworks */ = {
			isa = PBXFrameworksBuildPhase;
			buildActionMask = 2147483647;
			files = (
			);
			runOnlyForDeploymentPostprocessing = 0;
		};
		F497D1E52A00188E00379831 /* Frameworks */ = {
			isa = PBXFrameworksBuildPhase;
			buildActionMask = 2147483647;
			files = (
				F497D1ED2A00188E00379831 /* SwiftUI.framework in Frameworks */,
				F497D1EB2A00188E00379831 /* WidgetKit.framework in Frameworks */,
			);
			runOnlyForDeploymentPostprocessing = 0;
		};
/* End PBXFrameworksBuildPhase section */

/* Begin PBXGroup section */
		F497D1CA2A00183D00379831 = {
			isa = PBXGroup;
			children = (
				F497D1D52A00183D00379831 /* Daily Quotes */,
				F497D1EE2A00188E00379831 /* DailyQuote */,
				F497D1E92A00188E00379831 /* Frameworks */,
				F497D1D42A00183D00379831 /* Products */,
			);
			sourceTree = "<group>";
		};
		F497D1D42A00183D00379831 /* Products */ = {
			isa = PBXGroup;
			children = (
				F497D1D32A00183D00379831 /* Daily Quotes.app */,
				F497D1E82A00188E00379831 /* DailyQuoteExtension.appex */,
			);
			name = Products;
			sourceTree = "<group>";
		};
		F497D1D52A00183D00379831 /* Daily Quotes */ = {
			isa = PBXGroup;
			children = (
				F497D1D62A00183D00379831 /* Daily_QuotesApp.swift */,
				F497D1D82A00183D00379831 /* ContentView.swift */,
				F497D1DA2A00183E00379831 /* Assets.xcassets */,
				F497D1DC2A00183E00379831 /* Preview Content */,
			);
			path = "Daily Quotes";
			sourceTree = "<group>";
		};
		F497D1DC2A00183E00379831 /* Preview Content */ = {
			isa = PBXGroup;
			children = (
				F497D1DD2A00183E00379831 /* Preview Assets.xcassets */,
			);
			path = "Preview Content";
			sourceTree = "<group>";
		};
		F497D1E92A00188E00379831 /* Frameworks */ = {
			isa = PBXGroup;
			children = (
				F497D1EA2A00188E00379831 /* WidgetKit.framework */,
				F497D1EC2A00188E00379831 /* SwiftUI.framework */,
			);
			name = Frameworks;
			sourceTree = "<group>";
		};
		F497D1EE2A00188E00379831 /* DailyQuote */ = {
			isa = PBXGroup;
			children = (
				F497D1EF2A00188E00379831 /* DailyQuoteBundle.swift */,
				F497D1F12A00188E00379831 /* DailyQuoteLiveActivity.swift */,
				F497D1F32A00188E00379831 /* DailyQuote.swift */,
				F497D1FF2A001F4600379831 /* Quote.swift */,
				F497D1F52A00189000379831 /* Assets.xcassets */,
				F497D1F72A00189000379831 /* Info.plist */,
			);
			path = DailyQuote;
			sourceTree = "<group>";
		};
/* End PBXGroup section */

/* Begin PBXNativeTarget section */
		F497D1D22A00183D00379831 /* Daily Quotes */ = {
			isa = PBXNativeTarget;
			buildConfigurationList = F497D1E12A00183E00379831 /* Build configuration list for PBXNativeTarget "Daily Quotes" */;
			buildPhases = (
				F497D1CF2A00183D00379831 /* Sources */,
				F497D1D02A00183D00379831 /* Frameworks */,
				F497D1D12A00183D00379831 /* Resources */,
				F497D1FE2A00189000379831 /* Embed Foundation Extensions */,
			);
			buildRules = (
			);
			dependencies = (
				F497D1F92A00189000379831 /* PBXTargetDependency */,
			);
			name = "Daily Quotes";
			productName = "Daily Quotes";
			productReference = F497D1D32A00183D00379831 /* Daily Quotes.app */;
			productType = "com.apple.product-type.application";
		};
		F497D1E72A00188E00379831 /* DailyQuoteExtension */ = {
			isa = PBXNativeTarget;
			buildConfigurationList = F497D1FB2A00189000379831 /* Build configuration list for PBXNativeTarget "DailyQuoteExtension" */;
			buildPhases = (
				F497D1E42A00188E00379831 /* Sources */,
				F497D1E52A00188E00379831 /* Frameworks */,
				F497D1E62A00188E00379831 /* Resources */,
			);
			buildRules = (
			);
			dependencies = (
			);
			name = DailyQuoteExtension;
			productName = DailyQuoteExtension;
			productReference = F497D1E82A00188E00379831 /* DailyQuoteExtension.appex */;
			productType = "com.apple.product-type.app-extension";
		};
/* End PBXNativeTarget section */

/* Begin PBXProject section */
		F497D1CB2A00183D00379831 /* Project object */ = {
			isa = PBXProject;
			attributes = {
				BuildIndependentTargetsInParallel = 1;
				LastSwiftUpdateCheck = 1430;
				LastUpgradeCheck = 1430;
				TargetAttributes = {
					F497D1D22A00183D00379831 = {
						CreatedOnToolsVersion = 14.3;
					};
					F497D1E72A00188E00379831 = {
						CreatedOnToolsVersion = 14.3;
					};
				};
			};
			buildConfigurationList = F497D1CE2A00183D00379831 /* Build configuration list for PBXProject "Daily Quotes" */;
			compatibilityVersion = "Xcode 14.0";
			developmentRegion = en;
			hasScannedForEncodings = 0;
			knownRegions = (
				en,
				Base,
			);
			mainGroup = F497D1CA2A00183D00379831;
			productRefGroup = F497D1D42A00183D00379831 /* Products */;
			projectDirPath = "";
			projectRoot = "";
			targets = (
				F497D1D22A00183D00379831 /* Daily Quotes */,
				F497D1E72A00188E00379831 /* DailyQuoteExtension */,
			);
		};
/* End PBXProject section */

/* Begin PBXResourcesBuildPhase section */
		F497D1D12A00183D00379831 /* Resources */ = {
			isa = PBXResourcesBuildPhase;
			buildActionMask = 2147483647;
			files = (
				F497D1DE2A00183E00379831 /* Preview Assets.xcassets in Resources */,
				F497D1DB2A00183E00379831 /* Assets.xcassets in Resources */,
			);
			runOnlyForDeploymentPostprocessing = 0;
		};
		F497D1E62A00188E00379831 /* Resources */ = {
			isa = PBXResourcesBuildPhase;
			buildActionMask = 2147483647;
			files = (
				F497D1F62A00189000379831 /* Assets.xcassets in Resources */,
			);
			runOnlyForDeploymentPostprocessing = 0;
		};
/* End PBXResourcesBuildPhase section */

/* Begin PBXSourcesBuildPhase section */
		F497D1CF2A00183D00379831 /* Sources */ = {
			isa = PBXSourcesBuildPhase;
			buildActionMask = 2147483647;
			files = (
				F497D1D92A00183D00379831 /* ContentView.swift in Sources */,
				F497D2002A001F4600379831 /* Quote.swift in Sources */,
				F497D1D72A00183D00379831 /* Daily_QuotesApp.swift in Sources */,
			);
			runOnlyForDeploymentPostprocessing = 0;
		};
		F497D1E42A00188E00379831 /* Sources */ = {
			isa = PBXSourcesBuildPhase;
			buildActionMask = 2147483647;
			files = (
				F497D1F02A00188E00379831 /* DailyQuoteBundle.swift in Sources */,
				F497D1F42A00188E00379831 /* DailyQuote.swift in Sources */,
				F497D1F22A00188E00379831 /* DailyQuoteLiveActivity.swift in Sources */,
			);
			runOnlyForDeploymentPostprocessing = 0;
		};
/* End PBXSourcesBuildPhase section */

/* Begin PBXTargetDependency section */
		F497D1F92A00189000379831 /* PBXTargetDependency */ = {
			isa = PBXTargetDependency;
			target = F497D1E72A00188E00379831 /* DailyQuoteExtension */;
			targetProxy = F497D1F82A00189000379831 /* PBXContainerItemProxy */;
		};
/* End PBXTargetDependency section */

/* Begin XCBuildConfiguration section */
		F497D1DF2A00183E00379831 /* Debug */ = {
			isa = XCBuildConfiguration;
			buildSettings = {
				ALWAYS_SEARCH_USER_PATHS = NO;
				CLANG_ANALYZER_NONNULL = YES;
				CLANG_ANALYZER_NUMBER_OBJECT_CONVERSION = YES_AGGRESSIVE;
				CLANG_CXX_LANGUAGE_STANDARD = "gnu++20";
				CLANG_ENABLE_MODULES = YES;
				CLANG_ENABLE_OBJC_ARC = YES;
				CLANG_ENABLE_OBJC_WEAK = YES;
				CLANG_WARN_BLOCK_CAPTURE_AUTORELEASING = YES;
				CLANG_WARN_BOOL_CONVERSION = YES;
				CLANG_WARN_COMMA = YES;
				CLANG_WARN_CONSTANT_CONVERSION = YES;
				CLANG_WARN_DEPRECATED_OBJC_IMPLEMENTATIONS = YES;
				CLANG_WARN_DIRECT_OBJC_ISA_USAGE = YES_ERROR;
				CLANG_WARN_DOCUMENTATION_COMMENTS = YES;
				CLANG_WARN_EMPTY_BODY = YES;
				CLANG_WARN_ENUM_CONVERSION = YES;
				CLANG_WARN_INFINITE_RECURSION = YES;
				CLANG_WARN_INT_CONVERSION = YES;
				CLANG_WARN_NON_LITERAL_NULL_CONVERSION = YES;
				CLANG_WARN_OBJC_IMPLICIT_RETAIN_SELF = YES;
				CLANG_WARN_OBJC_LITERAL_CONVERSION = YES;
				CLANG_WARN_OBJC_ROOT_CLASS = YES_ERROR;
				CLANG_WARN_QUOTED_INCLUDE_IN_FRAMEWORK_HEADER = YES;
				CLANG_WARN_RANGE_LOOP_ANALYSIS = YES;
				CLANG_WARN_STRICT_PROTOTYPES = YES;
				CLANG_WARN_SUSPICIOUS_MOVE = YES;
				CLANG_WARN_UNGUARDED_AVAILABILITY = YES_AGGRESSIVE;
				CLANG_WARN_UNREACHABLE_CODE = YES;
				CLANG_WARN__DUPLICATE_METHOD_MATCH = YES;
				COPY_PHASE_STRIP = NO;
				DEBUG_INFORMATION_FORMAT = dwarf;
				ENABLE_STRICT_OBJC_MSGSEND = YES;
				ENABLE_TESTABILITY = YES;
				GCC_C_LANGUAGE_STANDARD = gnu11;
				GCC_DYNAMIC_NO_PIC = NO;
				GCC_NO_COMMON_BLOCKS = YES;
				GCC_OPTIMIZATION_LEVEL = 0;
				GCC_PREPROCESSOR_DEFINITIONS = (
					"DEBUG=1",
					"$(inherited)",
				);
				GCC_WARN_64_TO_32_BIT_CONVERSION = YES;
				GCC_WARN_ABOUT_RETURN_TYPE = YES_ERROR;
				GCC_WARN_UNDECLARED_SELECTOR = YES;
				GCC_WARN_UNINITIALIZED_AUTOS = YES_AGGRESSIVE;
				GCC_WARN_UNUSED_FUNCTION = YES;
				GCC_WARN_UNUSED_VARIABLE = YES;
				IPHONEOS_DEPLOYMENT_TARGET = 16.4;
				MTL_ENABLE_DEBUG_INFO = INCLUDE_SOURCE;
				MTL_FAST_MATH = YES;
				ONLY_ACTIVE_ARCH = YES;
				SDKROOT = iphoneos;
				SWIFT_ACTIVE_COMPILATION_CONDITIONS = DEBUG;
				SWIFT_OPTIMIZATION_LEVEL = "-Onone";
			};
			name = Debug;
		};
		F497D1E02A00183E00379831 /* Release */ = {
			isa = XCBuildConfiguration;
			buildSettings = {
				ALWAYS_SEARCH_USER_PATHS = NO;
				CLANG_ANALYZER_NONNULL = YES;
				CLANG_ANALYZER_NUMBER_OBJECT_CONVERSION = YES_AGGRESSIVE;
				CLANG_CXX_LANGUAGE_STANDARD = "gnu++20";
				CLANG_ENABLE_MODULES = YES;
				CLANG_ENABLE_OBJC_ARC = YES;
				CLANG_ENABLE_OBJC_WEAK = YES;
				CLANG_WARN_BLOCK_CAPTURE_AUTORELEASING = YES;
				CLANG_WARN_BOOL_CONVERSION = YES;
				CLANG_WARN_COMMA = YES;
				CLANG_WARN_CONSTANT_CONVERSION = YES;
				CLANG_WARN_DEPRECATED_OBJC_IMPLEMENTATIONS = YES;
				CLANG_WARN_DIRECT_OBJC_ISA_USAGE = YES_ERROR;
				CLANG_WARN_DOCUMENTATION_COMMENTS = YES;
				CLANG_WARN_EMPTY_BODY = YES;
				CLANG_WARN_ENUM_CONVERSION = YES;
				CLANG_WARN_INFINITE_RECURSION = YES;
				CLANG_WARN_INT_CONVERSION = YES;
				CLANG_WARN_NON_LITERAL_NULL_CONVERSION = YES;
				CLANG_WARN_OBJC_IMPLICIT_RETAIN_SELF = YES;
				CLANG_WARN_OBJC_LITERAL_CONVERSION = YES;
				CLANG_WARN_OBJC_ROOT_CLASS = YES_ERROR;
				CLANG_WARN_QUOTED_INCLUDE_IN_FRAMEWORK_HEADER = YES;
				CLANG_WARN_RANGE_LOOP_ANALYSIS = YES;
				CLANG_WARN_STRICT_PROTOTYPES = YES;
				CLANG_WARN_SUSPICIOUS_MOVE = YES;
				CLANG_WARN_UNGUARDED_AVAILABILITY = YES_AGGRESSIVE;
				CLANG_WARN_UNREACHABLE_CODE = YES;
				CLANG_WARN__DUPLICATE_METHOD_MATCH = YES;
				COPY_PHASE_STRIP = NO;
				DEBUG_INFORMATION_FORMAT = "dwarf-with-dsym";
				ENABLE_NS_ASSERTIONS = NO;
				ENABLE_STRICT_OBJC_MSGSEND = YES;
				GCC_C_LANGUAGE_STANDARD = gnu11;
				GCC_NO_COMMON_BLOCKS = YES;
				GCC_WARN_64_TO_32_BIT_CONVERSION = YES;
				GCC_WARN_ABOUT_RETURN_TYPE = YES_ERROR;
				GCC_WARN_UNDECLARED_SELECTOR = YES;
				GCC_WARN_UNINITIALIZED_AUTOS = YES_AGGRESSIVE;
				GCC_WARN_UNUSED_FUNCTION = YES;
				GCC_WARN_UNUSED_VARIABLE = YES;
				IPHONEOS_DEPLOYMENT_TARGET = 16.4;
				MTL_ENABLE_DEBUG_INFO = NO;
				MTL_FAST_MATH = YES;
				SDKROOT = iphoneos;
				SWIFT_COMPILATION_MODE = wholemodule;
				SWIFT_OPTIMIZATION_LEVEL = "-O";
				VALIDATE_PRODUCT = YES;
			};
			name = Release;
		};
		F497D1E22A00183E00379831 /* Debug */ = {
			isa = XCBuildConfiguration;
			buildSettings = {
				ALWAYS_EMBED_SWIFT_STANDARD_LIBRARIES = YES;
				ASSETCATALOG_COMPILER_APPICON_NAME = AppIcon;
				ASSETCATALOG_COMPILER_GLOBAL_ACCENT_COLOR_NAME = AccentColor;
				CODE_SIGN_STYLE = Automatic;
				CURRENT_PROJECT_VERSION = 1;
				DEVELOPMENT_ASSET_PATHS = "\"Daily Quotes/Preview Content\"";
				DEVELOPMENT_TEAM = S3432GUG8P;
				ENABLE_PREVIEWS = YES;
				GENERATE_INFOPLIST_FILE = YES;
				INFOPLIST_KEY_UIApplicationSceneManifest_Generation = YES;
				INFOPLIST_KEY_UIApplicationSupportsIndirectInputEvents = YES;
				INFOPLIST_KEY_UILaunchScreen_Generation = YES;
				INFOPLIST_KEY_UISupportedInterfaceOrientations_iPad = "UIInterfaceOrientationPortrait UIInterfaceOrientationPortraitUpsideDown UIInterfaceOrientationLandscapeLeft UIInterfaceOrientationLandscapeRight";
				INFOPLIST_KEY_UISupportedInterfaceOrientations_iPhone = "UIInterfaceOrientationPortrait UIInterfaceOrientationLandscapeLeft UIInterfaceOrientationLandscapeRight";
				LD_RUNPATH_SEARCH_PATHS = (
					"$(inherited)",
					"@executable_path/Frameworks",
				);
				MARKETING_VERSION = 1.0;
				PRODUCT_BUNDLE_IDENTIFIER = "com.tasioalmansa.Daily-Quotes";
				PRODUCT_NAME = "$(TARGET_NAME)";
				SWIFT_EMIT_LOC_STRINGS = YES;
				SWIFT_VERSION = 5.0;
				TARGETED_DEVICE_FAMILY = "1,2";
			};
			name = Debug;
		};
		F497D1E32A00183E00379831 /* Release */ = {
			isa = XCBuildConfiguration;
			buildSettings = {
				ALWAYS_EMBED_SWIFT_STANDARD_LIBRARIES = YES;
				ASSETCATALOG_COMPILER_APPICON_NAME = AppIcon;
				ASSETCATALOG_COMPILER_GLOBAL_ACCENT_COLOR_NAME = AccentColor;
				CODE_SIGN_STYLE = Automatic;
				CURRENT_PROJECT_VERSION = 1;
				DEVELOPMENT_ASSET_PATHS = "\"Daily Quotes/Preview Content\"";
				DEVELOPMENT_TEAM = S3432GUG8P;
				ENABLE_PREVIEWS = YES;
				GENERATE_INFOPLIST_FILE = YES;
				INFOPLIST_KEY_UIApplicationSceneManifest_Generation = YES;
				INFOPLIST_KEY_UIApplicationSupportsIndirectInputEvents = YES;
				INFOPLIST_KEY_UILaunchScreen_Generation = YES;
				INFOPLIST_KEY_UISupportedInterfaceOrientations_iPad = "UIInterfaceOrientationPortrait UIInterfaceOrientationPortraitUpsideDown UIInterfaceOrientationLandscapeLeft UIInterfaceOrientationLandscapeRight";
				INFOPLIST_KEY_UISupportedInterfaceOrientations_iPhone = "UIInterfaceOrientationPortrait UIInterfaceOrientationLandscapeLeft UIInterfaceOrientationLandscapeRight";
				LD_RUNPATH_SEARCH_PATHS = (
					"$(inherited)",
					"@executable_path/Frameworks",
				);
				MARKETING_VERSION = 1.0;
				PRODUCT_BUNDLE_IDENTIFIER = "com.tasioalmansa.Daily-Quotes";
				PRODUCT_NAME = "$(TARGET_NAME)";
				SWIFT_EMIT_LOC_STRINGS = YES;
				SWIFT_VERSION = 5.0;
				TARGETED_DEVICE_FAMILY = "1,2";
			};
			name = Release;
		};
		F497D1FC2A00189000379831 /* Debug */ = {
			isa = XCBuildConfiguration;
			buildSettings = {
				ASSETCATALOG_COMPILER_GLOBAL_ACCENT_COLOR_NAME = AccentColor;
				ASSETCATALOG_COMPILER_WIDGET_BACKGROUND_COLOR_NAME = WidgetBackground;
				CODE_SIGN_STYLE = Automatic;
				CURRENT_PROJECT_VERSION = 1;
				DEVELOPMENT_TEAM = S3432GUG8P;
				GENERATE_INFOPLIST_FILE = YES;
				INFOPLIST_FILE = DailyQuote/Info.plist;
				INFOPLIST_KEY_CFBundleDisplayName = DailyQuote;
				INFOPLIST_KEY_NSHumanReadableCopyright = "";
				LD_RUNPATH_SEARCH_PATHS = (
					"$(inherited)",
					"@executable_path/Frameworks",
					"@executable_path/../../Frameworks",
				);
				MARKETING_VERSION = 1.0;
				PRODUCT_BUNDLE_IDENTIFIER = "com.tasioalmansa.Daily-Quotes.DailyQuote";
				PRODUCT_NAME = "$(TARGET_NAME)";
				SKIP_INSTALL = YES;
				SWIFT_EMIT_LOC_STRINGS = YES;
				SWIFT_VERSION = 5.0;
				TARGETED_DEVICE_FAMILY = "1,2";
			};
			name = Debug;
		};
		F497D1FD2A00189000379831 /* Release */ = {
			isa = XCBuildConfiguration;
			buildSettings = {
				ASSETCATALOG_COMPILER_GLOBAL_ACCENT_COLOR_NAME = AccentColor;
				ASSETCATALOG_COMPILER_WIDGET_BACKGROUND_COLOR_NAME = WidgetBackground;
				CODE_SIGN_STYLE = Automatic;
				CURRENT_PROJECT_VERSION = 1;
				DEVELOPMENT_TEAM = S3432GUG8P;
				GENERATE_INFOPLIST_FILE = YES;
				INFOPLIST_FILE = DailyQuote/Info.plist;
				INFOPLIST_KEY_CFBundleDisplayName = DailyQuote;
				INFOPLIST_KEY_NSHumanReadableCopyright = "";
				LD_RUNPATH_SEARCH_PATHS = (
					"$(inherited)",
					"@executable_path/Frameworks",
					"@executable_path/../../Frameworks",
				);
				MARKETING_VERSION = 1.0;
				PRODUCT_BUNDLE_IDENTIFIER = "com.tasioalmansa.Daily-Quotes.DailyQuote";
				PRODUCT_NAME = "$(TARGET_NAME)";
				SKIP_INSTALL = YES;
				SWIFT_EMIT_LOC_STRINGS = YES;
				SWIFT_VERSION = 5.0;
				TARGETED_DEVICE_FAMILY = "1,2";
			};
			name = Release;
		};
/* End XCBuildConfiguration section */

/* Begin XCConfigurationList section */
		F497D1CE2A00183D00379831 /* Build configuration list for PBXProject "Daily Quotes" */ = {
			isa = XCConfigurationList;
			buildConfigurations = (
				F497D1DF2A00183E00379831 /* Debug */,
				F497D1E02A00183E00379831 /* Release */,
			);
			defaultConfigurationIsVisible = 0;
			defaultConfigurationName = Release;
		};
		F497D1E12A00183E00379831 /* Build configuration list for PBXNativeTarget "Daily Quotes" */ = {
			isa = XCConfigurationList;
			buildConfigurations = (
				F497D1E22A00183E00379831 /* Debug */,
				F497D1E32A00183E00379831 /* Release */,
			);
			defaultConfigurationIsVisible = 0;
			defaultConfigurationName = Release;
		};
		F497D1FB2A00189000379831 /* Build configuration list for PBXNativeTarget "DailyQuoteExtension" */ = {
			isa = XCConfigurationList;
			buildConfigurations = (
				F497D1FC2A00189000379831 /* Debug */,
				F497D1FD2A00189000379831 /* Release */,
			);
			defaultConfigurationIsVisible = 0;
			defaultConfigurationName = Release;
		};
/* End XCConfigurationList section */
	};
	rootObject = F497D1CB2A00183D00379831 /* Project object */;
}
